
Microsoft Visual Studio Solution File, Format Version 12.00
# Visual Studio Version 17
VisualStudioVersion = 17.4.33205.214
MinimumVisualStudioVersion = 10.0.40219.1
Project("{9A19103F-16F7-4668-BE54-9A1E7A4F7556}") = "Blazor.Blog.Server", "Blazor.Blog\Server\Blazor.Blog.Server.csproj", "{7F3BFF4A-3EA8-443F-B84D-D6700EA2BC44}"
EndProject
Project("{9A19103F-16F7-4668-BE54-9A1E7A4F7556}") = "Blazor.Blog.Client", "Blazor.Blog\Client\Blazor.Blog.Client.csproj", "{2679864D-3B61-43D2-B38A-69B71D1396C4}"
EndProject
Project("{9A19103F-16F7-4668-BE54-9A1E7A4F7556}") = "Blazor.Blog.Shared", "Blazor.Blog\Shared\Blazor.Blog.Shared.csproj", "{6C7E936E-80F1-498C-B70E-7AF323F46367}"
EndProject
Global
	GlobalSection(SolutionConfigurationPlatforms) = preSolution
		Debug|Any CPU = Debug|Any CPU
		Release|Any CPU = Release|Any CPU
	EndGlobalSection
	GlobalSection(ProjectConfigurationPlatforms) = postSolution
		{7F3BFF4A-3EA8-443F-B84D-D6700EA2BC44}.Debug|Any CPU.ActiveCfg = Debug|Any CPU
		{7F3BFF4A-3EA8-443F-B84D-D6700EA2BC44}.Debug|Any CPU.Build.0 = Debug|Any CPU
		{7F3BFF4A-3EA8-443F-B84D-D6700EA2BC44}.Release|Any CPU.ActiveCfg = Release|Any CPU
		{7F3BFF4A-3EA8-443F-B84D-D6700EA2BC44}.Release|Any CPU.Build.0 = Release|Any CPU
		{2679864D-3B61-43D2-B38A-69B71D1396C4}.Debug|Any CPU.ActiveCfg = Debug|Any CPU
		{2679864D-3B61-43D2-B38A-69B71D1396C4}.Debug|Any CPU.Build.0 = Debug|Any CPU
		{2679864D-3B61-43D2-B38A-69B71D1396C4}.Release|Any CPU.ActiveCfg = Release|Any CPU
		{2679864D-3B61-43D2-B38A-69B71D1396C4}.Release|Any CPU.Build.0 = Release|Any CPU
		{6C7E936E-80F1-498C-B70E-7AF323F46367}.Debug|Any CPU.ActiveCfg = Debug|Any CPU
		{6C7E936E-80F1-498C-B70E-7AF323F46367}.Debug|Any CPU.Build.0 = Debug|Any CPU
		{6C7E936E-80F1-498C-B70E-7AF323F46367}.Release|Any CPU.ActiveCfg = Release|Any CPU
		{6C7E936E-80F1-498C-B70E-7AF323F46367}.Release|Any CPU.Build.0 = Release|Any CPU
	EndGlobalSection
	GlobalSection(SolutionProperties) = preSolution
		HideSolutionNode = FALSE
	EndGlobalSection
	GlobalSection(ExtensibilityGlobals) = postSolution
		SolutionGuid = {A1E1DBDB-9214-4F78-B3EF-D8AF70662365}
	EndGlobalSection
EndGlobal
